
Microsoft Visual Studio Solution File, Format Version 12.00
# Visual Studio Version 16
VisualStudioVersion = 16.0.29609.76
MinimumVisualStudioVersion = 10.0.40219.1
Project("{FAE04EC0-301F-11D3-BF4B-00C04F79EFBC}") = "Operador Comparativo", "Operador Comparativo\Operador Comparativo.csproj", "{C7AFEBA1-B1D6-4C72-A64C-7DB500B4D5B3}"
EndProject
Global
	GlobalSection(SolutionConfigurationPlatforms) = preSolution
		Debug|Any CPU = Debug|Any CPU
		Release|Any CPU = Release|Any CPU
	EndGlobalSection
	GlobalSection(ProjectConfigurationPlatforms) = postSolution
		{C7AFEBA1-B1D6-4C72-A64C-7DB500B4D5B3}.Debug|Any CPU.ActiveCfg = Debug|Any CPU
		{C7AFEBA1-B1D6-4C72-A64C-7DB500B4D5B3}.Debug|Any CPU.Build.0 = Debug|Any CPU
		{C7AFEBA1-B1D6-4C72-A64C-7DB500B4D5B3}.Release|Any CPU.ActiveCfg = Release|Any CPU
		{C7AFEBA1-B1D6-4C72-A64C-7DB500B4D5B3}.Release|Any CPU.Build.0 = Release|Any CPU
	EndGlobalSection
	GlobalSection(SolutionProperties) = preSolution
		HideSolutionNode = FALSE
	EndGlobalSection
	GlobalSection(ExtensibilityGlobals) = postSolution
		SolutionGuid = {B2B8F302-AFBC-42BB-AB21-225453D7C9B5}
	EndGlobalSection
EndGlobal
