
Microsoft Visual Studio Solution File, Format Version 12.00
# Visual Studio Version 16
VisualStudioVersion = 16.0.29609.76
MinimumVisualStudioVersion = 10.0.40219.1
Project("{FAE04EC0-301F-11D3-BF4B-00C04F79EFBC}") = "Course [extra]", "Course [extra]\Course [extra].csproj", "{C237DADF-612D-452B-9CE4-4782396BF370}"
EndProject
Global
	GlobalSection(SolutionConfigurationPlatforms) = preSolution
		Debug|Any CPU = Debug|Any CPU
		Release|Any CPU = Release|Any CPU
	EndGlobalSection
	GlobalSection(ProjectConfigurationPlatforms) = postSolution
		{C237DADF-612D-452B-9CE4-4782396BF370}.Debug|Any CPU.ActiveCfg = Debug|Any CPU
		{C237DADF-612D-452B-9CE4-4782396BF370}.Debug|Any CPU.Build.0 = Debug|Any CPU
		{C237DADF-612D-452B-9CE4-4782396BF370}.Release|Any CPU.ActiveCfg = Release|Any CPU
		{C237DADF-612D-452B-9CE4-4782396BF370}.Release|Any CPU.Build.0 = Release|Any CPU
	EndGlobalSection
	GlobalSection(SolutionProperties) = preSolution
		HideSolutionNode = FALSE
	EndGlobalSection
	GlobalSection(ExtensibilityGlobals) = postSolution
		SolutionGuid = {CB5F7E74-3BB6-4ED8-ACD4-BD188F66900E}
	EndGlobalSection
EndGlobal
