
Microsoft Visual Studio Solution File, Format Version 12.00
# Visual Studio Version 16
VisualStudioVersion = 16.0.29609.76
MinimumVisualStudioVersion = 10.0.40219.1
Project("{FAE04EC0-301F-11D3-BF4B-00C04F79EFBC}") = "Nullabe", "Nullabe\Nullabe.csproj", "{D1998ABF-42CF-406D-A8AC-ED6E3CA045D0}"
EndProject
Global
	GlobalSection(SolutionConfigurationPlatforms) = preSolution
		Debug|Any CPU = Debug|Any CPU
		Release|Any CPU = Release|Any CPU
	EndGlobalSection
	GlobalSection(ProjectConfigurationPlatforms) = postSolution
		{D1998ABF-42CF-406D-A8AC-ED6E3CA045D0}.Debug|Any CPU.ActiveCfg = Debug|Any CPU
		{D1998ABF-42CF-406D-A8AC-ED6E3CA045D0}.Debug|Any CPU.Build.0 = Debug|Any CPU
		{D1998ABF-42CF-406D-A8AC-ED6E3CA045D0}.Release|Any CPU.ActiveCfg = Release|Any CPU
		{D1998ABF-42CF-406D-A8AC-ED6E3CA045D0}.Release|Any CPU.Build.0 = Release|Any CPU
	EndGlobalSection
	GlobalSection(SolutionProperties) = preSolution
		HideSolutionNode = FALSE
	EndGlobalSection
	GlobalSection(ExtensibilityGlobals) = postSolution
		SolutionGuid = {115311A0-6546-4FF0-8851-3C27664EF6B7}
	EndGlobalSection
EndGlobal
